
Microsoft Visual Studio Solution File, Format Version 12.00
# Visual Studio 15
VisualStudioVersion = 15.0.26730.12
MinimumVisualStudioVersion = 10.0.40219.1
Project("{FAE04EC0-301F-11D3-BF4B-00C04F79EFBC}") = "MonthlyPayslip.BusinessLayer", "MonthlyPayslip.BusinessLayer\MonthlyPayslip.BusinessLayer.csproj", "{FCDC5669-D279-49B6-98E8-313F5AD3CFE8}"
EndProject
Project("{FAE04EC0-301F-11D3-BF4B-00C04F79EFBC}") = "MonthlyPayslip.DataLayer", "MonthlyPayslip.DataLayer\MonthlyPayslip.DataLayer.csproj", "{D5376C98-CB1E-4ADA-A756-CF6DCF335A99}"
EndProject
Project("{FAE04EC0-301F-11D3-BF4B-00C04F79EFBC}") = "MonthlyPayslip.Models", "MonthlyPayslip.Models\MonthlyPayslip.Models.csproj", "{732588E1-6F1C-47E8-BA9B-527FC8584407}"
EndProject
Project("{FAE04EC0-301F-11D3-BF4B-00C04F79EFBC}") = "MonthlyPayslip.UnitTests", "MonthlyPayslip.UnitTests\MonthlyPayslip.UnitTests.csproj", "{4FAE96CB-9C0A-436A-99D9-C27EA59EE605}"
EndProject
Project("{FAE04EC0-301F-11D3-BF4B-00C04F79EFBC}") = "MonthlyPayslip.ConsoleApp", "MonthlyPayslip.ConsoleApp\MonthlyPayslip.ConsoleApp.csproj", "{84C970A7-63BF-4D0D-91B7-CB03166B5288}"
EndProject
Global
	GlobalSection(SolutionConfigurationPlatforms) = preSolution
		Debug|Any CPU = Debug|Any CPU
		Release|Any CPU = Release|Any CPU
	EndGlobalSection
	GlobalSection(ProjectConfigurationPlatforms) = postSolution
		{FCDC5669-D279-49B6-98E8-313F5AD3CFE8}.Debug|Any CPU.ActiveCfg = Debug|Any CPU
		{FCDC5669-D279-49B6-98E8-313F5AD3CFE8}.Debug|Any CPU.Build.0 = Debug|Any CPU
		{FCDC5669-D279-49B6-98E8-313F5AD3CFE8}.Release|Any CPU.ActiveCfg = Release|Any CPU
		{FCDC5669-D279-49B6-98E8-313F5AD3CFE8}.Release|Any CPU.Build.0 = Release|Any CPU
		{D5376C98-CB1E-4ADA-A756-CF6DCF335A99}.Debug|Any CPU.ActiveCfg = Debug|Any CPU
		{D5376C98-CB1E-4ADA-A756-CF6DCF335A99}.Debug|Any CPU.Build.0 = Debug|Any CPU
		{D5376C98-CB1E-4ADA-A756-CF6DCF335A99}.Release|Any CPU.ActiveCfg = Release|Any CPU
		{D5376C98-CB1E-4ADA-A756-CF6DCF335A99}.Release|Any CPU.Build.0 = Release|Any CPU
		{732588E1-6F1C-47E8-BA9B-527FC8584407}.Debug|Any CPU.ActiveCfg = Debug|Any CPU
		{732588E1-6F1C-47E8-BA9B-527FC8584407}.Debug|Any CPU.Build.0 = Debug|Any CPU
		{732588E1-6F1C-47E8-BA9B-527FC8584407}.Release|Any CPU.ActiveCfg = Release|Any CPU
		{732588E1-6F1C-47E8-BA9B-527FC8584407}.Release|Any CPU.Build.0 = Release|Any CPU
		{4FAE96CB-9C0A-436A-99D9-C27EA59EE605}.Debug|Any CPU.ActiveCfg = Debug|Any CPU
		{4FAE96CB-9C0A-436A-99D9-C27EA59EE605}.Debug|Any CPU.Build.0 = Debug|Any CPU
		{4FAE96CB-9C0A-436A-99D9-C27EA59EE605}.Release|Any CPU.ActiveCfg = Release|Any CPU
		{4FAE96CB-9C0A-436A-99D9-C27EA59EE605}.Release|Any CPU.Build.0 = Release|Any CPU
		{84C970A7-63BF-4D0D-91B7-CB03166B5288}.Debug|Any CPU.ActiveCfg = Debug|Any CPU
		{84C970A7-63BF-4D0D-91B7-CB03166B5288}.Debug|Any CPU.Build.0 = Debug|Any CPU
		{84C970A7-63BF-4D0D-91B7-CB03166B5288}.Release|Any CPU.ActiveCfg = Release|Any CPU
		{84C970A7-63BF-4D0D-91B7-CB03166B5288}.Release|Any CPU.Build.0 = Release|Any CPU
	EndGlobalSection
	GlobalSection(SolutionProperties) = preSolution
		HideSolutionNode = FALSE
	EndGlobalSection
	GlobalSection(ExtensibilityGlobals) = postSolution
		SolutionGuid = {8257D57B-4B9A-41A9-8166-3BAF603C4E18}
	EndGlobalSection
EndGlobal
